
Microsoft Visual Studio Solution File, Format Version 12.00
# Visual Studio Version 17
VisualStudioVersion = 17.3.32929.385
MinimumVisualStudioVersion = 10.0.40219.1
Project("{FAE04EC0-301F-11D3-BF4B-00C04F79EFBC}") = "WishlistAPI", "WishlistAPI\WishlistAPI.csproj", "{9D8D0CB6-1A9C-4294-A966-20DB3874E06F}"
EndProject
Project("{FAE04EC0-301F-11D3-BF4B-00C04F79EFBC}") = "WishlistAPI.BLL", "WishlistAPI.BLL\WishlistAPI.BLL.csproj", "{57B65795-5FFB-40EC-8C3B-D16B9269CEB9}"
EndProject
Project("{FAE04EC0-301F-11D3-BF4B-00C04F79EFBC}") = "WishlistAPI.DAL", "WishlistAPI.DAL\WishlistAPI.DAL.csproj", "{263B717E-E5C9-4A00-8D8C-84F18B827E36}"
EndProject
Project("{FAE04EC0-301F-11D3-BF4B-00C04F79EFBC}") = "WishlistAPI.Domain", "WishlistAPI.Domain\WishlistAPI.Domain.csproj", "{2671B5A6-F028-44C9-8342-077229B4F57F}"
EndProject
Global
	GlobalSection(SolutionConfigurationPlatforms) = preSolution
		Debug|Any CPU = Debug|Any CPU
		Release|Any CPU = Release|Any CPU
	EndGlobalSection
	GlobalSection(ProjectConfigurationPlatforms) = postSolution
		{9D8D0CB6-1A9C-4294-A966-20DB3874E06F}.Debug|Any CPU.ActiveCfg = Debug|Any CPU
		{9D8D0CB6-1A9C-4294-A966-20DB3874E06F}.Debug|Any CPU.Build.0 = Debug|Any CPU
		{9D8D0CB6-1A9C-4294-A966-20DB3874E06F}.Release|Any CPU.ActiveCfg = Release|Any CPU
		{9D8D0CB6-1A9C-4294-A966-20DB3874E06F}.Release|Any CPU.Build.0 = Release|Any CPU
		{57B65795-5FFB-40EC-8C3B-D16B9269CEB9}.Debug|Any CPU.ActiveCfg = Debug|Any CPU
		{57B65795-5FFB-40EC-8C3B-D16B9269CEB9}.Debug|Any CPU.Build.0 = Debug|Any CPU
		{57B65795-5FFB-40EC-8C3B-D16B9269CEB9}.Release|Any CPU.ActiveCfg = Release|Any CPU
		{57B65795-5FFB-40EC-8C3B-D16B9269CEB9}.Release|Any CPU.Build.0 = Release|Any CPU
		{263B717E-E5C9-4A00-8D8C-84F18B827E36}.Debug|Any CPU.ActiveCfg = Debug|Any CPU
		{263B717E-E5C9-4A00-8D8C-84F18B827E36}.Debug|Any CPU.Build.0 = Debug|Any CPU
		{263B717E-E5C9-4A00-8D8C-84F18B827E36}.Release|Any CPU.ActiveCfg = Release|Any CPU
		{263B717E-E5C9-4A00-8D8C-84F18B827E36}.Release|Any CPU.Build.0 = Release|Any CPU
		{2671B5A6-F028-44C9-8342-077229B4F57F}.Debug|Any CPU.ActiveCfg = Debug|Any CPU
		{2671B5A6-F028-44C9-8342-077229B4F57F}.Debug|Any CPU.Build.0 = Debug|Any CPU
		{2671B5A6-F028-44C9-8342-077229B4F57F}.Release|Any CPU.ActiveCfg = Release|Any CPU
		{2671B5A6-F028-44C9-8342-077229B4F57F}.Release|Any CPU.Build.0 = Release|Any CPU
	EndGlobalSection
	GlobalSection(SolutionProperties) = preSolution
		HideSolutionNode = FALSE
	EndGlobalSection
	GlobalSection(ExtensibilityGlobals) = postSolution
		SolutionGuid = {609516AE-0267-4257-A362-70664103AA55}
	EndGlobalSection
EndGlobal
